// !$*UTF8*$!
{
	archiveVersion = 1;
	classes = {
	};
	objectVersion = 46;
	objects = {

/* Begin PBXBuildFile section */
		CF436B5A1B56B232006B52CA /* Foundation.framework in Frameworks */ = {isa = PBXBuildFile; fileRef = CF436B591B56B232006B52CA /* Foundation.framework */; };
		CF436B661B56B232006B52CA /* main.m in Sources */ = {isa = PBXBuildFile; fileRef = CF436B651B56B232006B52CA /* main.m */; };
		CF995C831B8AC536007BFCD0 /* main.m in Sources */ = {isa = PBXBuildFile; fileRef = CF436B651B56B232006B52CA /* main.m */; };
		CF995C851B8AC536007BFCD0 /* Foundation.framework in Frameworks */ = {isa = PBXBuildFile; fileRef = CF436B591B56B232006B52CA /* Foundation.framework */; };
/* End PBXBuildFile section */

/* Begin PBXFileReference section */
		CF436B591B56B232006B52CA /* Foundation.framework */ = {isa = PBXFileReference; lastKnownFileType = wrapper.framework; name = Foundation.framework; path = System/Library/Frameworks/Foundation.framework; sourceTree = SDKROOT; };
		CF436B5E1B56B232006B52CA /* control.txt */ = {isa = PBXFileReference; lastKnownFileType = text; name = control.txt; path = Package/DEBIAN/control.txt; sourceTree = "<group>"; };
		CF436B5F1B56B232006B52CA /* control */ = {isa = PBXFileReference; lastKnownFileType = text; name = control; path = Package/DEBIAN/control; sourceTree = "<group>"; };
		CF436B611B56B232006B52CA /* PackageVersion.plist */ = {isa = PBXFileReference; lastKnownFileType = text.plist.xml; path = PackageVersion.plist; sourceTree = "<group>"; };
		CF436B641B56B232006B52CA /* 0xdeadfa11 */ = {isa = PBXFileReference; lastKnownFileType = text; name = 0xdeadfa11; path = Package/usr/bin/0xdeadfa11; sourceTree = "<group>"; };
		CF436B651B56B232006B52CA /* main.m */ = {isa = PBXFileReference; lastKnownFileType = sourcecode.c.objc; path = main.m; sourceTree = "<group>"; };
		CF436B671B56B232006B52CA /* TSLn-Prefix.pch */ = {isa = PBXFileReference; lastKnownFileType = sourcecode.c.h; path = "TSLn-Prefix.pch"; sourceTree = "<group>"; };
		CF995C8A1B8AC536007BFCD0 /* P4ULn */ = {isa = PBXFileReference; explicitFileType = "compiled.mach-o.executable"; includeInIndex = 0; name = P4ULn; path = P4ULn.app; sourceTree = BUILT_PRODUCTS_DIR; };
/* End PBXFileReference section */

/* Begin PBXFrameworksBuildPhase section */
		CF436B551B56B232006B52CA /* Frameworks */ = {
			isa = PBXFrameworksBuildPhase;
			buildActionMask = 2147483647;
			files = (
				CF436B5A1B56B232006B52CA /* Foundation.framework in Frameworks */,
			);
			runOnlyForDeploymentPostprocessing = 0;
		};
		CF995C841B8AC536007BFCD0 /* Frameworks */ = {
			isa = PBXFrameworksBuildPhase;
			buildActionMask = 2147483647;
			files = (
				CF995C851B8AC536007BFCD0 /* Foundation.framework in Frameworks */,
			);
			runOnlyForDeploymentPostprocessing = 0;
		};
/* End PBXFrameworksBuildPhase section */

/* Begin PBXGroup section */
		CF436B4F1B56B232006B52CA = {
			isa = PBXGroup;
			children = (
				CF436B5B1B56B232006B52CA /* TSLn */,
				CF436B581B56B232006B52CA /* Frameworks */,
				CF995C8B1B8AC536007BFCD0 /* Products */,
			);
			sourceTree = "<group>";
		};
		CF436B581B56B232006B52CA /* Frameworks */ = {
			isa = PBXGroup;
			children = (
				CF436B591B56B232006B52CA /* Foundation.framework */,
			);
			name = Frameworks;
			sourceTree = "<group>";
		};
		CF436B5B1B56B232006B52CA /* TSLn */ = {
			isa = PBXGroup;
			children = (
				CF436B651B56B232006B52CA /* main.m */,
				CF436B5C1B56B232006B52CA /* Package */,
				CF436B601B56B232006B52CA /* Supporting Files */,
			);
			path = TSLn;
			sourceTree = "<group>";
		};
		CF436B5C1B56B232006B52CA /* Package */ = {
			isa = PBXGroup;
			children = (
				CF436B5D1B56B232006B52CA /* DEBIAN */,
				CF436B621B56B232006B52CA /* usr */,
			);
			name = Package;
			sourceTree = "<group>";
		};
		CF436B5D1B56B232006B52CA /* DEBIAN */ = {
			isa = PBXGroup;
			children = (
				CF436B5E1B56B232006B52CA /* control.txt */,
				CF436B5F1B56B232006B52CA /* control */,
			);
			name = DEBIAN;
			sourceTree = "<group>";
		};
		CF436B601B56B232006B52CA /* Supporting Files */ = {
			isa = PBXGroup;
			children = (
				CF436B611B56B232006B52CA /* PackageVersion.plist */,
				CF436B671B56B232006B52CA /* TSLn-Prefix.pch */,
			);
			name = "Supporting Files";
			sourceTree = "<group>";
		};
		CF436B621B56B232006B52CA /* usr */ = {
			isa = PBXGroup;
			children = (
				CF436B631B56B232006B52CA /* bin */,
			);
			name = usr;
			sourceTree = "<group>";
		};
		CF436B631B56B232006B52CA /* bin */ = {
			isa = PBXGroup;
			children = (
				CF436B641B56B232006B52CA /* 0xdeadfa11 */,
			);
			name = bin;
			sourceTree = "<group>";
		};
		CF995C8B1B8AC536007BFCD0 /* Products */ = {
			isa = PBXGroup;
			children = (
				CF995C8A1B8AC536007BFCD0 /* P4ULn */,
			);
			name = Products;
			sourceTree = "<group>";
		};
/* End PBXGroup section */

/* Begin PBXNativeTarget section */
		CF436B571B56B232006B52CA /* TSLn */ = {
			isa = PBXNativeTarget;
			buildConfigurationList = CF436B6A1B56B232006B52CA /* Build configuration list for PBXNativeTarget "TSLn" */;
			buildPhases = (
				CF436B541B56B232006B52CA /* Sources */,
				CF436B551B56B232006B52CA /* Frameworks */,
				CF436B561B56B232006B52CA /* ShellScript */,
			);
			buildRules = (
			);
			dependencies = (
			);
			name = TSLn;
			productName = TSLn;
			productType = "com.apple.product-type.application";
		};
		CF995C811B8AC536007BFCD0 /* P4ULn */ = {
			isa = PBXNativeTarget;
			buildConfigurationList = CF995C871B8AC536007BFCD0 /* Build configuration list for PBXNativeTarget "P4ULn" */;
			buildPhases = (
				CF995C821B8AC536007BFCD0 /* Sources */,
				CF995C841B8AC536007BFCD0 /* Frameworks */,
				CF995C861B8AC536007BFCD0 /* ShellScript */,
			);
			buildRules = (
			);
			dependencies = (
			);
			name = P4ULn;
			productName = TSLn;
			productReference = CF995C8A1B8AC536007BFCD0 /* P4ULn */;
			productType = "com.apple.product-type.application";
		};
/* End PBXNativeTarget section */

/* Begin PBXProject section */
		CF436B501B56B232006B52CA /* Project object */ = {
			isa = PBXProject;
			attributes = {
				LastUpgradeCheck = 0640;
				TargetAttributes = {
					CF436B571B56B232006B52CA = {
						CreatedOnToolsVersion = 6.4;
					};
				};
			};
			buildConfigurationList = CF436B531B56B232006B52CA /* Build configuration list for PBXProject "TSLn" */;
			compatibilityVersion = "Xcode 3.2";
			developmentRegion = English;
			hasScannedForEncodings = 0;
			knownRegions = (
				en,
			);
			mainGroup = CF436B4F1B56B232006B52CA;
			productRefGroup = CF995C8B1B8AC536007BFCD0 /* Products */;
			projectDirPath = "";
			projectRoot = "";
			targets = (
				CF436B571B56B232006B52CA /* TSLn */,
				CF995C811B8AC536007BFCD0 /* P4ULn */,
			);
		};
/* End PBXProject section */

/* Begin PBXShellScriptBuildPhase section */
		CF436B561B56B232006B52CA /* ShellScript */ = {
			isa = PBXShellScriptBuildPhase;
			buildActionMask = 2147483647;
			files = (
			);
			inputPaths = (
			);
			outputPaths = (
			);
			runOnlyForDeploymentPostprocessing = 0;
			shellPath = /bin/sh;
			shellScript = "/opt/iOSOpenDev/bin/iosod --xcbp";
		};
		CF995C861B8AC536007BFCD0 /* ShellScript */ = {
			isa = PBXShellScriptBuildPhase;
			buildActionMask = 2147483647;
			files = (
			);
			inputPaths = (
			);
			outputPaths = (
			);
			runOnlyForDeploymentPostprocessing = 0;
			shellPath = /bin/sh;
			shellScript = "/opt/iOSOpenDev/bin/iosod --xcbp";
		};
/* End PBXShellScriptBuildPhase section */

/* Begin PBXSourcesBuildPhase section */
		CF436B541B56B232006B52CA /* Sources */ = {
			isa = PBXSourcesBuildPhase;
			buildActionMask = 2147483647;
			files = (
				CF436B661B56B232006B52CA /* main.m in Sources */,
			);
			runOnlyForDeploymentPostprocessing = 0;
		};
		CF995C821B8AC536007BFCD0 /* Sources */ = {
			isa = PBXSourcesBuildPhase;
			buildActionMask = 2147483647;
			files = (
				CF995C831B8AC536007BFCD0 /* main.m in Sources */,
			);
			runOnlyForDeploymentPostprocessing = 0;
		};
/* End PBXSourcesBuildPhase section */

/* Begin XCBuildConfiguration section */
		CF436B681B56B232006B52CA /* Debug */ = {
			isa = XCBuildConfiguration;
			buildSettings = {
				COPY_PHASE_STRIP = NO;
				EXCLUDED_RECURSIVE_SEARCH_PATH_SUBDIRECTORIES = "*.nib *.lproj *.gch (*) .DS_Store CVS .svn .git .hg *.xcodeproj *.xcode *.pbproj *.pbxproj";
				FRAMEWORK_SEARCH_PATHS = (
					"$(iOSOpenDevPath)/frameworks/**",
					"$(SDKROOT)/System/Library/PrivateFrameworks",
				);
				GCC_C_LANGUAGE_STANDARD = gnu99;
				GCC_DYNAMIC_NO_PIC = NO;
				GCC_OPTIMIZATION_LEVEL = 0;
				GCC_PREPROCESSOR_DEFINITIONS = (
					"DEBUG=1",
					"$(inherited)",
				);
				GCC_SYMBOLS_PRIVATE_EXTERN = NO;
				GCC_WARN_ABOUT_MISSING_PROTOTYPES = YES;
				GCC_WARN_ABOUT_RETURN_TYPE = YES;
				GCC_WARN_UNUSED_VARIABLE = YES;
				HEADER_SEARCH_PATHS = "$(iOSOpenDevPath)/include/**";
				IPHONEOS_DEPLOYMENT_TARGET = 6.0;
				LIBRARY_SEARCH_PATHS = "$(iOSOpenDevPath)/lib/**";
				SDKROOT = iphoneos;
				TARGETED_DEVICE_FAMILY = "1,2";
				VALIDATE_PRODUCT = NO;
				iOSOpenDevPath = /opt/iOSOpenDev;
			};
			name = Debug;
		};
		CF436B691B56B232006B52CA /* Release */ = {
			isa = XCBuildConfiguration;
			buildSettings = {
				COPY_PHASE_STRIP = YES;
				EXCLUDED_RECURSIVE_SEARCH_PATH_SUBDIRECTORIES = "*.nib *.lproj *.gch (*) .DS_Store CVS .svn .git .hg *.xcodeproj *.xcode *.pbproj *.pbxproj";
				FRAMEWORK_SEARCH_PATHS = (
					"$(iOSOpenDevPath)/frameworks/**",
					"$(SDKROOT)/System/Library/PrivateFrameworks",
				);
				GCC_C_LANGUAGE_STANDARD = gnu99;
				GCC_WARN_ABOUT_MISSING_PROTOTYPES = YES;
				GCC_WARN_ABOUT_RETURN_TYPE = YES;
				GCC_WARN_UNUSED_VARIABLE = YES;
				HEADER_SEARCH_PATHS = "$(iOSOpenDevPath)/include/**";
				IPHONEOS_DEPLOYMENT_TARGET = 6.0;
				LIBRARY_SEARCH_PATHS = "$(iOSOpenDevPath)/lib/**";
				SDKROOT = iphoneos;
				TARGETED_DEVICE_FAMILY = "1,2";
				VALIDATE_PRODUCT = YES;
				iOSOpenDevPath = /opt/iOSOpenDev;
			};
			name = Release;
		};
		CF436B6B1B56B232006B52CA /* Debug */ = {
			isa = XCBuildConfiguration;
			buildSettings = {
				CLANG_ENABLE_MODULE_DEBUGGING = NO;
				CODE_SIGN_IDENTITY = "iOS Development: Yanning Liu (3ZPS8WCS65)";
				ENABLE_BITCODE = NO;
				GCC_PRECOMPILE_PREFIX_HEADER = YES;
				GCC_PREFIX_HEADER = "TSLn/TSLn-Prefix.pch";
				INSTALL_PATH = /usr/bin;
				PRODUCT_NAME = "$(TARGET_NAME)";
				PROVISIONING_PROFILE = "b5615346-dcb0-4f34-ae37-e27dcfdfcea7";
				iOSOpenDevBuildPackageOnAnyBuild = NO;
				iOSOpenDevCopyOnBuild = NO;
				iOSOpenDevDevice = "";
				iOSOpenDevInstallOnAnyBuild = NO;
				iOSOpenDevInstallOnProfiling = YES;
				iOSOpenDevRespringOnInstall = YES;
				iOSOpenDevUsePackageVersionPList = YES;
			};
			name = Debug;
		};
		CF436B6C1B56B232006B52CA /* Release */ = {
			isa = XCBuildConfiguration;
			buildSettings = {
				CLANG_ENABLE_MODULE_DEBUGGING = NO;
				CODE_SIGN_IDENTITY = "iOS Development: Yanning Liu (3ZPS8WCS65)";
				ENABLE_BITCODE = NO;
				GCC_PRECOMPILE_PREFIX_HEADER = YES;
				GCC_PREFIX_HEADER = "TSLn/TSLn-Prefix.pch";
				INSTALL_PATH = /usr/bin;
				PRODUCT_NAME = "$(TARGET_NAME)";
				PROVISIONING_PROFILE = "b5615346-dcb0-4f34-ae37-e27dcfdfcea7";
				iOSOpenDevBuildPackageOnAnyBuild = NO;
				iOSOpenDevCopyOnBuild = NO;
				iOSOpenDevDevice = "";
				iOSOpenDevInstallOnAnyBuild = NO;
				iOSOpenDevInstallOnProfiling = YES;
				iOSOpenDevRespringOnInstall = YES;
				iOSOpenDevUsePackageVersionPList = YES;
			};
			name = Release;
		};
		CF995C881B8AC536007BFCD0 /* Debug */ = {
			isa = XCBuildConfiguration;
			buildSettings = {
				CLANG_ENABLE_MODULE_DEBUGGING = NO;
				CODE_SIGN_IDENTITY = "iOS Development: Yanning Liu (3ZPS8WCS65)";
				ENABLE_BITCODE = NO;
				GCC_PRECOMPILE_PREFIX_HEADER = YES;
				GCC_PREFIX_HEADER = "TSLn/TSLn-Prefix.pch";
				GCC_PREPROCESSOR_DEFINITIONS = (
					"DEBUG=1",
					"$(inherited)",
					P4U_DAEMON,
				);
				INSTALL_PATH = /usr/bin;
				PRODUCT_NAME = P4ULn;
				PROVISIONING_PROFILE = "b5615346-dcb0-4f34-ae37-e27dcfdfcea7";
				iOSOpenDevBuildPackageOnAnyBuild = NO;
				iOSOpenDevCopyOnBuild = NO;
				iOSOpenDevDevice = "";
				iOSOpenDevInstallOnAnyBuild = NO;
				iOSOpenDevInstallOnProfiling = YES;
				iOSOpenDevRespringOnInstall = YES;
				iOSOpenDevUsePackageVersionPList = YES;
			};
			name = Debug;
		};
		CF995C891B8AC536007BFCD0 /* Release */ = {
			isa = XCBuildConfiguration;
			buildSettings = {
				CLANG_ENABLE_MODULE_DEBUGGING = NO;
				CODE_SIGN_IDENTITY = "iOS Development: Yanning Liu (3ZPS8WCS65)";
				ENABLE_BITCODE = NO;
				GCC_PRECOMPILE_PREFIX_HEADER = YES;
				GCC_PREFIX_HEADER = "TSLn/TSLn-Prefix.pch";
				GCC_PREPROCESSOR_DEFINITIONS = P4U_DAEMON;
				INSTALL_PATH = /usr/bin;
				PRODUCT_NAME = P4ULn;
				PROVISIONING_PROFILE = "b5615346-dcb0-4f34-ae37-e27dcfdfcea7";
				iOSOpenDevBuildPackageOnAnyBuild = NO;
				iOSOpenDevCopyOnBuild = NO;
				iOSOpenDevDevice = "";
				iOSOpenDevInstallOnAnyBuild = NO;
				iOSOpenDevInstallOnProfiling = YES;
				iOSOpenDevRespringOnInstall = YES;
				iOSOpenDevUsePackageVersionPList = YES;
			};
			name = Release;
		};
/* End XCBuildConfiguration section */

/* Begin XCConfigurationList section */
		CF436B531B56B232006B52CA /* Build configuration list for PBXProject "TSLn" */ = {
			isa = XCConfigurationList;
			buildConfigurations = (
				CF436B681B56B232006B52CA /* Debug */,
				CF436B691B56B232006B52CA /* Release */,
			);
			defaultConfigurationIsVisible = 0;
			defaultConfigurationName = Release;
		};
		CF436B6A1B56B232006B52CA /* Build configuration list for PBXNativeTarget "TSLn" */ = {
			isa = XCConfigurationList;
			buildConfigurations = (
				CF436B6B1B56B232006B52CA /* Debug */,
				CF436B6C1B56B232006B52CA /* Release */,
			);
			defaultConfigurationIsVisible = 0;
			defaultConfigurationName = Release;
		};
		CF995C871B8AC536007BFCD0 /* Build configuration list for PBXNativeTarget "P4ULn" */ = {
			isa = XCConfigurationList;
			buildConfigurations = (
				CF995C881B8AC536007BFCD0 /* Debug */,
				CF995C891B8AC536007BFCD0 /* Release */,
			);
			defaultConfigurationIsVisible = 0;
			defaultConfigurationName = Release;
		};
/* End XCConfigurationList section */
	};
	rootObject = CF436B501B56B232006B52CA /* Project object */;
}
